
Microsoft Visual Studio Solution File, Format Version 12.00
Project("{FAE04EC0-301F-11D3-BF4B-00C04F79EFBC}") = "Kolos", "Kolos\Kolos.csproj", "{28BD5494-0FEE-4AF5-84E2-94563ED21718}"
EndProject
Global
	GlobalSection(SolutionConfigurationPlatforms) = preSolution
		Debug|Any CPU = Debug|Any CPU
		Release|Any CPU = Release|Any CPU
	EndGlobalSection
	GlobalSection(ProjectConfigurationPlatforms) = postSolution
		{28BD5494-0FEE-4AF5-84E2-94563ED21718}.Debug|Any CPU.ActiveCfg = Debug|Any CPU
		{28BD5494-0FEE-4AF5-84E2-94563ED21718}.Debug|Any CPU.Build.0 = Debug|Any CPU
		{28BD5494-0FEE-4AF5-84E2-94563ED21718}.Release|Any CPU.ActiveCfg = Release|Any CPU
		{28BD5494-0FEE-4AF5-84E2-94563ED21718}.Release|Any CPU.Build.0 = Release|Any CPU
	EndGlobalSection
EndGlobal
